
Microsoft Visual Studio Solution File, Format Version 12.00
# Visual Studio Version 17
VisualStudioVersion = 17.5.002.0
MinimumVisualStudioVersion = 10.0.40219.1
Project("{9A19103F-16F7-4668-BE54-9A1E7A4F7556}") = "exemplopoo", "exemplopoo.csproj", "{CF090480-F5D8-4A6A-BA58-F98FFB4DA9AD}"
EndProject
Global
	GlobalSection(SolutionConfigurationPlatforms) = preSolution
		Debug|Any CPU = Debug|Any CPU
		Release|Any CPU = Release|Any CPU
	EndGlobalSection
	GlobalSection(ProjectConfigurationPlatforms) = postSolution
		{CF090480-F5D8-4A6A-BA58-F98FFB4DA9AD}.Debug|Any CPU.ActiveCfg = Debug|Any CPU
		{CF090480-F5D8-4A6A-BA58-F98FFB4DA9AD}.Debug|Any CPU.Build.0 = Debug|Any CPU
		{CF090480-F5D8-4A6A-BA58-F98FFB4DA9AD}.Release|Any CPU.ActiveCfg = Release|Any CPU
		{CF090480-F5D8-4A6A-BA58-F98FFB4DA9AD}.Release|Any CPU.Build.0 = Release|Any CPU
	EndGlobalSection
	GlobalSection(SolutionProperties) = preSolution
		HideSolutionNode = FALSE
	EndGlobalSection
	GlobalSection(ExtensibilityGlobals) = postSolution
		SolutionGuid = {E1805DA5-C00F-40C6-9AD8-5BAADFF13FA8}
	EndGlobalSection
EndGlobal
