
Microsoft Visual Studio Solution File, Format Version 12.00
# Visual Studio Version 17
VisualStudioVersion = 17.9.34728.123
MinimumVisualStudioVersion = 10.0.40219.1
Project("{FAE04EC0-301F-11D3-BF4B-00C04F79EFBC}") = "Calculadora", "ModuloTestes\Calculadora.csproj", "{1E6308DB-00B7-4E2B-827C-F965BE5FB9B1}"
EndProject
Project("{FAE04EC0-301F-11D3-BF4B-00C04F79EFBC}") = "CalculadoraTestes", "CalculadoraTestes\CalculadoraTestes.csproj", "{2B39E6C5-AC11-478A-8424-4FEAC2252397}"
EndProject
Global
	GlobalSection(SolutionConfigurationPlatforms) = preSolution
		Debug|Any CPU = Debug|Any CPU
		Release|Any CPU = Release|Any CPU
	EndGlobalSection
	GlobalSection(ProjectConfigurationPlatforms) = postSolution
		{1E6308DB-00B7-4E2B-827C-F965BE5FB9B1}.Debug|Any CPU.ActiveCfg = Debug|Any CPU
		{1E6308DB-00B7-4E2B-827C-F965BE5FB9B1}.Debug|Any CPU.Build.0 = Debug|Any CPU
		{1E6308DB-00B7-4E2B-827C-F965BE5FB9B1}.Release|Any CPU.ActiveCfg = Release|Any CPU
		{1E6308DB-00B7-4E2B-827C-F965BE5FB9B1}.Release|Any CPU.Build.0 = Release|Any CPU
		{2B39E6C5-AC11-478A-8424-4FEAC2252397}.Debug|Any CPU.ActiveCfg = Debug|Any CPU
		{2B39E6C5-AC11-478A-8424-4FEAC2252397}.Debug|Any CPU.Build.0 = Debug|Any CPU
		{2B39E6C5-AC11-478A-8424-4FEAC2252397}.Release|Any CPU.ActiveCfg = Release|Any CPU
		{2B39E6C5-AC11-478A-8424-4FEAC2252397}.Release|Any CPU.Build.0 = Release|Any CPU
	EndGlobalSection
	GlobalSection(SolutionProperties) = preSolution
		HideSolutionNode = FALSE
	EndGlobalSection
	GlobalSection(ExtensibilityGlobals) = postSolution
		SolutionGuid = {C15D71D1-36A8-4F0A-ABF6-2D1BC85F6D68}
	EndGlobalSection
EndGlobal
